
Microsoft Visual Studio Solution File, Format Version 12.00
# Visual Studio Version 17
VisualStudioVersion = 17.5.33424.131
MinimumVisualStudioVersion = 10.0.40219.1
Project("{8BC9CEB8-8B4A-11D0-8D11-00A0C91BC942}") = "exes_2_007_a", "exes_2_007_a\exes_2_007_a.vcxproj", "{3F41E641-BB7B-4BF0-AA1A-415C1C50736F}"
EndProject
Global
	GlobalSection(SolutionConfigurationPlatforms) = preSolution
		Debug|x64 = Debug|x64
		Debug|x86 = Debug|x86
		Release|x64 = Release|x64
		Release|x86 = Release|x86
	EndGlobalSection
	GlobalSection(ProjectConfigurationPlatforms) = postSolution
		{3F41E641-BB7B-4BF0-AA1A-415C1C50736F}.Debug|x64.ActiveCfg = Debug|x64
		{3F41E641-BB7B-4BF0-AA1A-415C1C50736F}.Debug|x64.Build.0 = Debug|x64
		{3F41E641-BB7B-4BF0-AA1A-415C1C50736F}.Debug|x86.ActiveCfg = Debug|Win32
		{3F41E641-BB7B-4BF0-AA1A-415C1C50736F}.Debug|x86.Build.0 = Debug|Win32
		{3F41E641-BB7B-4BF0-AA1A-415C1C50736F}.Release|x64.ActiveCfg = Release|x64
		{3F41E641-BB7B-4BF0-AA1A-415C1C50736F}.Release|x64.Build.0 = Release|x64
		{3F41E641-BB7B-4BF0-AA1A-415C1C50736F}.Release|x86.ActiveCfg = Release|Win32
		{3F41E641-BB7B-4BF0-AA1A-415C1C50736F}.Release|x86.Build.0 = Release|Win32
	EndGlobalSection
	GlobalSection(SolutionProperties) = preSolution
		HideSolutionNode = FALSE
	EndGlobalSection
	GlobalSection(ExtensibilityGlobals) = postSolution
		SolutionGuid = {6F5E715F-7675-4D0A-9DD4-214CF8D3E6E6}
	EndGlobalSection
EndGlobal
